{
    "_meta": {
        "hash": {
            "sha256": "00314137e0f93ab3441e13ed820067d56eae098011b867ec299e0a85c4deff91"
        },
        "pipfile-spec": 6,
        "requires": {
            "python_version": "3.8.7"
        },
        "sources": [
            {
                "name": "pypi",
                "url": "https://pypi.org/simple",
                "verify_ssl": true
            }
        ]
    },
    "default": {},
    "develop": {}
}
